
Microsoft Visual Studio Solution File, Format Version 12.00
# Visual Studio 2013
VisualStudioVersion = 12.0.31101.0
MinimumVisualStudioVersion = 10.0.40219.1
Project("{FAE04EC0-301F-11D3-BF4B-00C04F79EFBC}") = "WebApiApplication", "WebApiApplication\WebApiApplication.csproj", "{40E3F500-7FB4-4A7B-9B15-BB424D530783}"
EndProject
Project("{2150E333-8FDC-42A3-9474-1A3956D46DE8}") = ".nuget", ".nuget", "{975E74CE-8690-45F9-94C2-F555BAFFDC43}"
	ProjectSection(SolutionItems) = preProject
		.nuget\packages.config = .nuget\packages.config
	EndProjectSection
EndProject
Project("{FAE04EC0-301F-11D3-BF4B-00C04F79EFBC}") = "WebApiApplication.Client", "WebApiApplication.Client\WebApiApplication.Client.csproj", "{56FABC6B-4B43-4E4D-9400-278FEA7C706A}"
EndProject
Project("{FAE04EC0-301F-11D3-BF4B-00C04F79EFBC}") = "ConsoleApplication", "ConsoleApplication\ConsoleApplication.csproj", "{D44FE274-D612-4A4D-BF9E-94DDD0D2E364}"
EndProject
Project("{FAE04EC0-301F-11D3-BF4B-00C04F79EFBC}") = "WebApiApplication.SwaggerGenerator", "WebApiApplication.SwaggerGenerator\WebApiApplication.SwaggerGenerator.csproj", "{BC152697-EC9F-462B-9210-A307504A3425}"
EndProject
Global
	GlobalSection(SolutionConfigurationPlatforms) = preSolution
		Debug|Any CPU = Debug|Any CPU
		Release|Any CPU = Release|Any CPU
	EndGlobalSection
	GlobalSection(ProjectConfigurationPlatforms) = postSolution
		{40E3F500-7FB4-4A7B-9B15-BB424D530783}.Debug|Any CPU.ActiveCfg = Debug|Any CPU
		{40E3F500-7FB4-4A7B-9B15-BB424D530783}.Debug|Any CPU.Build.0 = Debug|Any CPU
		{40E3F500-7FB4-4A7B-9B15-BB424D530783}.Release|Any CPU.ActiveCfg = Release|Any CPU
		{40E3F500-7FB4-4A7B-9B15-BB424D530783}.Release|Any CPU.Build.0 = Release|Any CPU
		{56FABC6B-4B43-4E4D-9400-278FEA7C706A}.Debug|Any CPU.ActiveCfg = Debug|Any CPU
		{56FABC6B-4B43-4E4D-9400-278FEA7C706A}.Debug|Any CPU.Build.0 = Debug|Any CPU
		{56FABC6B-4B43-4E4D-9400-278FEA7C706A}.Release|Any CPU.ActiveCfg = Release|Any CPU
		{56FABC6B-4B43-4E4D-9400-278FEA7C706A}.Release|Any CPU.Build.0 = Release|Any CPU
		{D44FE274-D612-4A4D-BF9E-94DDD0D2E364}.Debug|Any CPU.ActiveCfg = Debug|Any CPU
		{D44FE274-D612-4A4D-BF9E-94DDD0D2E364}.Debug|Any CPU.Build.0 = Debug|Any CPU
		{D44FE274-D612-4A4D-BF9E-94DDD0D2E364}.Release|Any CPU.ActiveCfg = Release|Any CPU
		{D44FE274-D612-4A4D-BF9E-94DDD0D2E364}.Release|Any CPU.Build.0 = Release|Any CPU
		{BC152697-EC9F-462B-9210-A307504A3425}.Debug|Any CPU.ActiveCfg = Debug|Any CPU
		{BC152697-EC9F-462B-9210-A307504A3425}.Debug|Any CPU.Build.0 = Debug|Any CPU
		{BC152697-EC9F-462B-9210-A307504A3425}.Release|Any CPU.ActiveCfg = Release|Any CPU
		{BC152697-EC9F-462B-9210-A307504A3425}.Release|Any CPU.Build.0 = Release|Any CPU
	EndGlobalSection
	GlobalSection(SolutionProperties) = preSolution
		HideSolutionNode = FALSE
	EndGlobalSection
EndGlobal
